
Microsoft Visual Studio Solution File, Format Version 12.00
# Visual Studio Version 17
VisualStudioVersion = 17.13.35931.197
MinimumVisualStudioVersion = 10.0.40219.1
Project("{FAE04EC0-301F-11D3-BF4B-00C04F79EFBC}") = "TelecomCdr.API", "TelecomCdr.API\TelecomCdr.API.csproj", "{08951A71-1BFE-4F62-B5F5-00C39E158A0C}"
EndProject
Project("{FAE04EC0-301F-11D3-BF4B-00C04F79EFBC}") = "TelecomCdr.Core", "TelecomCdr.Core\TelecomCdr.Core.csproj", "{44063877-1515-478A-95F7-4F3464A97054}"
EndProject
Project("{FAE04EC0-301F-11D3-BF4B-00C04F79EFBC}") = "TelecomCdr.Core.UnitTests", "TelecomCdr.Core.UnitTests\TelecomCdr.Core.UnitTests.csproj", "{61FBD9F5-D1AB-485E-887C-DD3309E56BB2}"
EndProject
Project("{FAE04EC0-301F-11D3-BF4B-00C04F79EFBC}") = "TelecomCdr.API.UnitTests", "TelecomCdr.API.UnitTests\TelecomCdr.API.UnitTests.csproj", "{E4732998-1E93-4018-B97B-C57F13C5FF29}"
EndProject
Project("{2150E333-8FDC-42A3-9474-1A3956D46DE8}") = "SolutionItems", "SolutionItems", "{02EA681E-C7D8-13C7-8484-4AC65E1B71E8}"
	ProjectSection(SolutionItems) = preProject
		.env = .env
		Directory.Packages.props = Directory.Packages.props
		docker-compose.yml = docker-compose.yml
		Nuget.Config = Nuget.Config
		..\README.md = ..\README.md
	EndProjectSection
EndProject
Project("{FAE04EC0-301F-11D3-BF4B-00C04F79EFBC}") = "TelecomCdr.Hangfire", "TelecomCdr.Hangfire\TelecomCdr.Hangfire.csproj", "{470B6F7D-CA22-4F2A-A5F1-3A7FFB3272E2}"
EndProject
Project("{FAE04EC0-301F-11D3-BF4B-00C04F79EFBC}") = "TelecomCdr.AzureFunctions", "TelecomCdr.AzureFunctions\TelecomCdr.AzureFunctions.csproj", "{1BCED6CC-16B7-424B-ACCC-4580D51C5F45}"
EndProject
Project("{FAE04EC0-301F-11D3-BF4B-00C04F79EFBC}") = "TelecomCdr.Infrastructure", "TelecomCdr.Infrastructure\TelecomCdr.Infrastructure.csproj", "{3C17D74A-D863-46D9-9CDC-209D4DBD6C1E}"
EndProject
Project("{FAE04EC0-301F-11D3-BF4B-00C04F79EFBC}") = "TelecomCdr.Domain", "TelecomCdr.Domain\TelecomCdr.Domain.csproj", "{F6C1F89C-0EFD-49C8-8AE7-FD045050FF6A}"
EndProject
Project("{FAE04EC0-301F-11D3-BF4B-00C04F79EFBC}") = "TelecomCdr.Abstraction", "TelecomCdr.Abstraction\TelecomCdr.Abstraction.csproj", "{565A17CB-8321-48CC-A2BC-E4CB3CB3D8A8}"
EndProject
Project("{FAE04EC0-301F-11D3-BF4B-00C04F79EFBC}") = "TelecomCdr.Infrastructure.UnitTests", "TelecomCdr.Infrastructure.UnitTests\TelecomCdr.Infrastructure.UnitTests.csproj", "{4A64BDDA-6DB5-4BB7-8139-7645F49FABD7}"
EndProject
Project("{FAE04EC0-301F-11D3-BF4B-00C04F79EFBC}") = "TelecomCdr.Hangfire.UniTests", "TelecomCdr.Hangfire.UniTests\TelecomCdr.Hangfire.UniTests.csproj", "{D2614B9F-C611-4124-8795-86D0F29CC30B}"
EndProject
Project("{FAE04EC0-301F-11D3-BF4B-00C04F79EFBC}") = "TelecomCdr.AzureFunctions.Tests", "TelecomCdr.AzureFunctions.Tests\TelecomCdr.AzureFunctions.Tests.csproj", "{DFA5DEE4-2395-4E46-AAD1-ADDAD12163C6}"
EndProject
Project("{2150E333-8FDC-42A3-9474-1A3956D46DE8}") = "AlternateSolution", "AlternateSolution", "{819D7458-E297-4791-9A61-5C2D0B195505}"
	ProjectSection(SolutionItems) = preProject
		DurableFunction-Approach.md = DurableFunction-Approach.md
		Leveraging-AzureServices.md = Leveraging-AzureServices.md
	EndProjectSection
EndProject
Project("{FAE04EC0-301F-11D3-BF4B-00C04F79EFBC}") = "TelecomCdr.DurableFunctions", "TelecomCdr.DurableFunctions\TelecomCdr.DurableFunctions.csproj", "{D0C12961-40BB-4DB6-8B29-E9AD46FFA0DD}"
EndProject
Global
	GlobalSection(SolutionConfigurationPlatforms) = preSolution
		Debug|Any CPU = Debug|Any CPU
		Release|Any CPU = Release|Any CPU
	EndGlobalSection
	GlobalSection(ProjectConfigurationPlatforms) = postSolution
		{08951A71-1BFE-4F62-B5F5-00C39E158A0C}.Debug|Any CPU.ActiveCfg = Debug|Any CPU
		{08951A71-1BFE-4F62-B5F5-00C39E158A0C}.Debug|Any CPU.Build.0 = Debug|Any CPU
		{08951A71-1BFE-4F62-B5F5-00C39E158A0C}.Release|Any CPU.ActiveCfg = Release|Any CPU
		{08951A71-1BFE-4F62-B5F5-00C39E158A0C}.Release|Any CPU.Build.0 = Release|Any CPU
		{44063877-1515-478A-95F7-4F3464A97054}.Debug|Any CPU.ActiveCfg = Debug|Any CPU
		{44063877-1515-478A-95F7-4F3464A97054}.Debug|Any CPU.Build.0 = Debug|Any CPU
		{44063877-1515-478A-95F7-4F3464A97054}.Release|Any CPU.ActiveCfg = Release|Any CPU
		{44063877-1515-478A-95F7-4F3464A97054}.Release|Any CPU.Build.0 = Release|Any CPU
		{61FBD9F5-D1AB-485E-887C-DD3309E56BB2}.Debug|Any CPU.ActiveCfg = Debug|Any CPU
		{61FBD9F5-D1AB-485E-887C-DD3309E56BB2}.Debug|Any CPU.Build.0 = Debug|Any CPU
		{61FBD9F5-D1AB-485E-887C-DD3309E56BB2}.Release|Any CPU.ActiveCfg = Release|Any CPU
		{61FBD9F5-D1AB-485E-887C-DD3309E56BB2}.Release|Any CPU.Build.0 = Release|Any CPU
		{E4732998-1E93-4018-B97B-C57F13C5FF29}.Debug|Any CPU.ActiveCfg = Debug|Any CPU
		{E4732998-1E93-4018-B97B-C57F13C5FF29}.Debug|Any CPU.Build.0 = Debug|Any CPU
		{E4732998-1E93-4018-B97B-C57F13C5FF29}.Release|Any CPU.ActiveCfg = Release|Any CPU
		{E4732998-1E93-4018-B97B-C57F13C5FF29}.Release|Any CPU.Build.0 = Release|Any CPU
		{470B6F7D-CA22-4F2A-A5F1-3A7FFB3272E2}.Debug|Any CPU.ActiveCfg = Debug|Any CPU
		{470B6F7D-CA22-4F2A-A5F1-3A7FFB3272E2}.Debug|Any CPU.Build.0 = Debug|Any CPU
		{470B6F7D-CA22-4F2A-A5F1-3A7FFB3272E2}.Release|Any CPU.ActiveCfg = Release|Any CPU
		{470B6F7D-CA22-4F2A-A5F1-3A7FFB3272E2}.Release|Any CPU.Build.0 = Release|Any CPU
		{1BCED6CC-16B7-424B-ACCC-4580D51C5F45}.Debug|Any CPU.ActiveCfg = Debug|Any CPU
		{1BCED6CC-16B7-424B-ACCC-4580D51C5F45}.Debug|Any CPU.Build.0 = Debug|Any CPU
		{1BCED6CC-16B7-424B-ACCC-4580D51C5F45}.Release|Any CPU.ActiveCfg = Release|Any CPU
		{1BCED6CC-16B7-424B-ACCC-4580D51C5F45}.Release|Any CPU.Build.0 = Release|Any CPU
		{3C17D74A-D863-46D9-9CDC-209D4DBD6C1E}.Debug|Any CPU.ActiveCfg = Debug|Any CPU
		{3C17D74A-D863-46D9-9CDC-209D4DBD6C1E}.Debug|Any CPU.Build.0 = Debug|Any CPU
		{3C17D74A-D863-46D9-9CDC-209D4DBD6C1E}.Release|Any CPU.ActiveCfg = Release|Any CPU
		{3C17D74A-D863-46D9-9CDC-209D4DBD6C1E}.Release|Any CPU.Build.0 = Release|Any CPU
		{F6C1F89C-0EFD-49C8-8AE7-FD045050FF6A}.Debug|Any CPU.ActiveCfg = Debug|Any CPU
		{F6C1F89C-0EFD-49C8-8AE7-FD045050FF6A}.Debug|Any CPU.Build.0 = Debug|Any CPU
		{F6C1F89C-0EFD-49C8-8AE7-FD045050FF6A}.Release|Any CPU.ActiveCfg = Release|Any CPU
		{F6C1F89C-0EFD-49C8-8AE7-FD045050FF6A}.Release|Any CPU.Build.0 = Release|Any CPU
		{565A17CB-8321-48CC-A2BC-E4CB3CB3D8A8}.Debug|Any CPU.ActiveCfg = Debug|Any CPU
		{565A17CB-8321-48CC-A2BC-E4CB3CB3D8A8}.Debug|Any CPU.Build.0 = Debug|Any CPU
		{565A17CB-8321-48CC-A2BC-E4CB3CB3D8A8}.Release|Any CPU.ActiveCfg = Release|Any CPU
		{565A17CB-8321-48CC-A2BC-E4CB3CB3D8A8}.Release|Any CPU.Build.0 = Release|Any CPU
		{4A64BDDA-6DB5-4BB7-8139-7645F49FABD7}.Debug|Any CPU.ActiveCfg = Debug|Any CPU
		{4A64BDDA-6DB5-4BB7-8139-7645F49FABD7}.Debug|Any CPU.Build.0 = Debug|Any CPU
		{4A64BDDA-6DB5-4BB7-8139-7645F49FABD7}.Release|Any CPU.ActiveCfg = Release|Any CPU
		{4A64BDDA-6DB5-4BB7-8139-7645F49FABD7}.Release|Any CPU.Build.0 = Release|Any CPU
		{D2614B9F-C611-4124-8795-86D0F29CC30B}.Debug|Any CPU.ActiveCfg = Debug|Any CPU
		{D2614B9F-C611-4124-8795-86D0F29CC30B}.Debug|Any CPU.Build.0 = Debug|Any CPU
		{D2614B9F-C611-4124-8795-86D0F29CC30B}.Release|Any CPU.ActiveCfg = Release|Any CPU
		{D2614B9F-C611-4124-8795-86D0F29CC30B}.Release|Any CPU.Build.0 = Release|Any CPU
		{DFA5DEE4-2395-4E46-AAD1-ADDAD12163C6}.Debug|Any CPU.ActiveCfg = Debug|Any CPU
		{DFA5DEE4-2395-4E46-AAD1-ADDAD12163C6}.Debug|Any CPU.Build.0 = Debug|Any CPU
		{DFA5DEE4-2395-4E46-AAD1-ADDAD12163C6}.Release|Any CPU.ActiveCfg = Release|Any CPU
		{DFA5DEE4-2395-4E46-AAD1-ADDAD12163C6}.Release|Any CPU.Build.0 = Release|Any CPU
		{D0C12961-40BB-4DB6-8B29-E9AD46FFA0DD}.Debug|Any CPU.ActiveCfg = Debug|Any CPU
		{D0C12961-40BB-4DB6-8B29-E9AD46FFA0DD}.Debug|Any CPU.Build.0 = Debug|Any CPU
		{D0C12961-40BB-4DB6-8B29-E9AD46FFA0DD}.Release|Any CPU.ActiveCfg = Release|Any CPU
		{D0C12961-40BB-4DB6-8B29-E9AD46FFA0DD}.Release|Any CPU.Build.0 = Release|Any CPU
	EndGlobalSection
	GlobalSection(SolutionProperties) = preSolution
		HideSolutionNode = FALSE
	EndGlobalSection
	GlobalSection(ExtensibilityGlobals) = postSolution
		SolutionGuid = {BBB22A5E-D25F-4687-AFB5-47C065A0D308}
	EndGlobalSection
EndGlobal
