
Microsoft Visual Studio Solution File, Format Version 12.00
# Visual Studio Version 17
VisualStudioVersion = 17.13.35931.197 d17.13
MinimumVisualStudioVersion = 10.0.40219.1
Project("{FAE04EC0-301F-11D3-BF4B-00C04F79EFBC}") = "TelecomCdr.API", "TelecomCdr.API\TelecomCdr.API.csproj", "{08951A71-1BFE-4F62-B5F5-00C39E158A0C}"
EndProject
Project("{FAE04EC0-301F-11D3-BF4B-00C04F79EFBC}") = "TelecomCdr.Core", "TelecomCdr.Core\TelecomCdr.Core.csproj", "{44063877-1515-478A-95F7-4F3464A97054}"
EndProject
Project("{FAE04EC0-301F-11D3-BF4B-00C04F79EFBC}") = "TelecomCdr.Core.UnitTests", "TelecomCdr.Core.UnitTests\TelecomCdr.Core.UnitTests.csproj", "{61FBD9F5-D1AB-485E-887C-DD3309E56BB2}"
EndProject
Project("{FAE04EC0-301F-11D3-BF4B-00C04F79EFBC}") = "TelecomCdr.API.UnitTests", "TelecomCdr.API.UnitTests\TelecomCdr.API.UnitTests.csproj", "{E4732998-1E93-4018-B97B-C57F13C5FF29}"
EndProject
Project("{FAE04EC0-301F-11D3-BF4B-00C04F79EFBC}") = "TelecomCdr.Data", "TelecomCdr.Data\TelecomCdr.Data.csproj", "{EBF70153-439C-4136-9F20-88184B9D2ECF}"
EndProject
Global
	GlobalSection(SolutionConfigurationPlatforms) = preSolution
		Debug|Any CPU = Debug|Any CPU
		Release|Any CPU = Release|Any CPU
	EndGlobalSection
	GlobalSection(ProjectConfigurationPlatforms) = postSolution
		{08951A71-1BFE-4F62-B5F5-00C39E158A0C}.Debug|Any CPU.ActiveCfg = Debug|Any CPU
		{08951A71-1BFE-4F62-B5F5-00C39E158A0C}.Debug|Any CPU.Build.0 = Debug|Any CPU
		{08951A71-1BFE-4F62-B5F5-00C39E158A0C}.Release|Any CPU.ActiveCfg = Release|Any CPU
		{08951A71-1BFE-4F62-B5F5-00C39E158A0C}.Release|Any CPU.Build.0 = Release|Any CPU
		{44063877-1515-478A-95F7-4F3464A97054}.Debug|Any CPU.ActiveCfg = Debug|Any CPU
		{44063877-1515-478A-95F7-4F3464A97054}.Debug|Any CPU.Build.0 = Debug|Any CPU
		{44063877-1515-478A-95F7-4F3464A97054}.Release|Any CPU.ActiveCfg = Release|Any CPU
		{44063877-1515-478A-95F7-4F3464A97054}.Release|Any CPU.Build.0 = Release|Any CPU
		{61FBD9F5-D1AB-485E-887C-DD3309E56BB2}.Debug|Any CPU.ActiveCfg = Debug|Any CPU
		{61FBD9F5-D1AB-485E-887C-DD3309E56BB2}.Debug|Any CPU.Build.0 = Debug|Any CPU
		{61FBD9F5-D1AB-485E-887C-DD3309E56BB2}.Release|Any CPU.ActiveCfg = Release|Any CPU
		{61FBD9F5-D1AB-485E-887C-DD3309E56BB2}.Release|Any CPU.Build.0 = Release|Any CPU
		{E4732998-1E93-4018-B97B-C57F13C5FF29}.Debug|Any CPU.ActiveCfg = Debug|Any CPU
		{E4732998-1E93-4018-B97B-C57F13C5FF29}.Debug|Any CPU.Build.0 = Debug|Any CPU
		{E4732998-1E93-4018-B97B-C57F13C5FF29}.Release|Any CPU.ActiveCfg = Release|Any CPU
		{E4732998-1E93-4018-B97B-C57F13C5FF29}.Release|Any CPU.Build.0 = Release|Any CPU
		{EBF70153-439C-4136-9F20-88184B9D2ECF}.Debug|Any CPU.ActiveCfg = Debug|Any CPU
		{EBF70153-439C-4136-9F20-88184B9D2ECF}.Debug|Any CPU.Build.0 = Debug|Any CPU
		{EBF70153-439C-4136-9F20-88184B9D2ECF}.Release|Any CPU.ActiveCfg = Release|Any CPU
		{EBF70153-439C-4136-9F20-88184B9D2ECF}.Release|Any CPU.Build.0 = Release|Any CPU
	EndGlobalSection
	GlobalSection(SolutionProperties) = preSolution
		HideSolutionNode = FALSE
	EndGlobalSection
	GlobalSection(ExtensibilityGlobals) = postSolution
		SolutionGuid = {BBB22A5E-D25F-4687-AFB5-47C065A0D308}
	EndGlobalSection
EndGlobal
